// !$*UTF8*$!
{
	archiveVersion = 1;
	classes = {
	};
	objectVersion = 56;
	objects = {

/* Begin PBXBuildFile section */
		ED01AD852AD6C2C700AD38C3 /* landmarkData.json in Resources */ = {isa = PBXBuildFile; fileRef = ED01AD842AD6C2C700AD38C3 /* landmarkData.json */; };
		ED01AD872AD6C2FB00AD38C3 /* Landmark.swift in Sources */ = {isa = PBXBuildFile; fileRef = ED01AD862AD6C2FB00AD38C3 /* Landmark.swift */; };
		ED01AD892AD6C5B300AD38C3 /* ModelData.swift in Sources */ = {isa = PBXBuildFile; fileRef = ED01AD882AD6C5B300AD38C3 /* ModelData.swift */; };
		ED01AD8E2AD805A500AD38C3 /* LandmarkRow.swift in Sources */ = {isa = PBXBuildFile; fileRef = ED01AD8D2AD805A500AD38C3 /* LandmarkRow.swift */; };
		ED01AD902AD808B600AD38C3 /* LandmarkList.swift in Sources */ = {isa = PBXBuildFile; fileRef = ED01AD8F2AD808B600AD38C3 /* LandmarkList.swift */; };
		ED4C73672AD960A900C19F5D /* FavoriteButton.swift in Sources */ = {isa = PBXBuildFile; fileRef = ED4C73662AD960A900C19F5D /* FavoriteButton.swift */; };
		EDB1A7222ACC371600F72C5B /* LandmarksApp.swift in Sources */ = {isa = PBXBuildFile; fileRef = EDB1A7212ACC371600F72C5B /* LandmarksApp.swift */; };
		EDB1A7242ACC371600F72C5B /* ContentView.swift in Sources */ = {isa = PBXBuildFile; fileRef = EDB1A7232ACC371600F72C5B /* ContentView.swift */; };
		EDB1A7262ACC371700F72C5B /* Assets.xcassets in Resources */ = {isa = PBXBuildFile; fileRef = EDB1A7252ACC371700F72C5B /* Assets.xcassets */; };
		EDB1A72E2ACC371700F72C5B /* Landmarks.xcdatamodeld in Sources */ = {isa = PBXBuildFile; fileRef = EDB1A72C2ACC371700F72C5B /* Landmarks.xcdatamodeld */; };
		EDB1A7512ACD850900F72C5B /* CircleImage.swift in Sources */ = {isa = PBXBuildFile; fileRef = EDB1A7502ACD850900F72C5B /* CircleImage.swift */; };
		EDB1A7532ACECEF700F72C5B /* MapView.swift in Sources */ = {isa = PBXBuildFile; fileRef = EDB1A7522ACECEF700F72C5B /* MapView.swift */; };
		EDE6D2612AD80E5500FCDD72 /* LandmarkDetail.swift in Sources */ = {isa = PBXBuildFile; fileRef = EDE6D2602AD80E5500FCDD72 /* LandmarkDetail.swift */; };
/* End PBXBuildFile section */

/* Begin PBXContainerItemProxy section */
		EDB1A7342ACC371700F72C5B /* PBXContainerItemProxy */ = {
			isa = PBXContainerItemProxy;
			containerPortal = EDB1A7162ACC371600F72C5B /* Project object */;
			proxyType = 1;
			remoteGlobalIDString = EDB1A71D2ACC371600F72C5B;
			remoteInfo = Landmarks;
		};
		EDB1A73E2ACC371700F72C5B /* PBXContainerItemProxy */ = {
			isa = PBXContainerItemProxy;
			containerPortal = EDB1A7162ACC371600F72C5B /* Project object */;
			proxyType = 1;
			remoteGlobalIDString = EDB1A71D2ACC371600F72C5B;
			remoteInfo = Landmarks;
		};
/* End PBXContainerItemProxy section */

/* Begin PBXFileReference section */
		ED01AD842AD6C2C700AD38C3 /* landmarkData.json */ = {isa = PBXFileReference; fileEncoding = 4; lastKnownFileType = text.json; path = landmarkData.json; sourceTree = "<group>"; };
		ED01AD862AD6C2FB00AD38C3 /* Landmark.swift */ = {isa = PBXFileReference; lastKnownFileType = sourcecode.swift; path = Landmark.swift; sourceTree = "<group>"; };
		ED01AD882AD6C5B300AD38C3 /* ModelData.swift */ = {isa = PBXFileReference; lastKnownFileType = sourcecode.swift; path = ModelData.swift; sourceTree = "<group>"; };
		ED01AD8D2AD805A500AD38C3 /* LandmarkRow.swift */ = {isa = PBXFileReference; lastKnownFileType = sourcecode.swift; path = LandmarkRow.swift; sourceTree = "<group>"; };
		ED01AD8F2AD808B600AD38C3 /* LandmarkList.swift */ = {isa = PBXFileReference; lastKnownFileType = sourcecode.swift; path = LandmarkList.swift; sourceTree = "<group>"; };
		ED4C73662AD960A900C19F5D /* FavoriteButton.swift */ = {isa = PBXFileReference; lastKnownFileType = sourcecode.swift; path = FavoriteButton.swift; sourceTree = "<group>"; };
		EDB1A71E2ACC371600F72C5B /* Landmarks.app */ = {isa = PBXFileReference; explicitFileType = wrapper.application; includeInIndex = 0; path = Landmarks.app; sourceTree = BUILT_PRODUCTS_DIR; };
		EDB1A7212ACC371600F72C5B /* LandmarksApp.swift */ = {isa = PBXFileReference; lastKnownFileType = sourcecode.swift; path = LandmarksApp.swift; sourceTree = "<group>"; };
		EDB1A7232ACC371600F72C5B /* ContentView.swift */ = {isa = PBXFileReference; lastKnownFileType = sourcecode.swift; path = ContentView.swift; sourceTree = "<group>"; };
		EDB1A7252ACC371700F72C5B /* Assets.xcassets */ = {isa = PBXFileReference; lastKnownFileType = folder.assetcatalog; path = Assets.xcassets; sourceTree = "<group>"; };
		EDB1A72D2ACC371700F72C5B /* Landmarks.xcdatamodel */ = {isa = PBXFileReference; lastKnownFileType = wrapper.xcdatamodel; path = Landmarks.xcdatamodel; sourceTree = "<group>"; };
		EDB1A7332ACC371700F72C5B /* LandmarksTests.xctest */ = {isa = PBXFileReference; explicitFileType = wrapper.cfbundle; includeInIndex = 0; path = LandmarksTests.xctest; sourceTree = BUILT_PRODUCTS_DIR; };
		EDB1A73D2ACC371700F72C5B /* LandmarksUITests.xctest */ = {isa = PBXFileReference; explicitFileType = wrapper.cfbundle; includeInIndex = 0; path = LandmarksUITests.xctest; sourceTree = BUILT_PRODUCTS_DIR; };
		EDB1A7502ACD850900F72C5B /* CircleImage.swift */ = {isa = PBXFileReference; lastKnownFileType = sourcecode.swift; path = CircleImage.swift; sourceTree = "<group>"; };
		EDB1A7522ACECEF700F72C5B /* MapView.swift */ = {isa = PBXFileReference; lastKnownFileType = sourcecode.swift; path = MapView.swift; sourceTree = "<group>"; };
		EDE6D2602AD80E5500FCDD72 /* LandmarkDetail.swift */ = {isa = PBXFileReference; lastKnownFileType = sourcecode.swift; path = LandmarkDetail.swift; sourceTree = "<group>"; };
/* End PBXFileReference section */

/* Begin PBXFrameworksBuildPhase section */
		EDB1A71B2ACC371600F72C5B /* Frameworks */ = {
			isa = PBXFrameworksBuildPhase;
			buildActionMask = 2147483647;
			files = (
			);
			runOnlyForDeploymentPostprocessing = 0;
		};
		EDB1A7302ACC371700F72C5B /* Frameworks */ = {
			isa = PBXFrameworksBuildPhase;
			buildActionMask = 2147483647;
			files = (
			);
			runOnlyForDeploymentPostprocessing = 0;
		};
		EDB1A73A2ACC371700F72C5B /* Frameworks */ = {
			isa = PBXFrameworksBuildPhase;
			buildActionMask = 2147483647;
			files = (
			);
			runOnlyForDeploymentPostprocessing = 0;
		};
/* End PBXFrameworksBuildPhase section */

/* Begin PBXGroup section */
		ED01AD8A2AD6C84E00AD38C3 /* Views */ = {
			isa = PBXGroup;
			children = (
				EDB1A7232ACC371600F72C5B /* ContentView.swift */,
				ED4C73692AD9610300C19F5D /* Helpers */,
				ED4C73682AD960F800C19F5D /* Landmarks */,
			);
			path = Views;
			sourceTree = "<group>";
		};
		ED01AD8B2AD6C88200AD38C3 /* Model */ = {
			isa = PBXGroup;
			children = (
				ED01AD862AD6C2FB00AD38C3 /* Landmark.swift */,
				ED01AD882AD6C5B300AD38C3 /* ModelData.swift */,
			);
			path = Model;
			sourceTree = "<group>";
		};
		ED01AD8C2AD6C8A800AD38C3 /* Resources */ = {
			isa = PBXGroup;
			children = (
				ED01AD842AD6C2C700AD38C3 /* landmarkData.json */,
			);
			path = Resources;
			sourceTree = "<group>";
		};
		ED4C73682AD960F800C19F5D /* Landmarks */ = {
			isa = PBXGroup;
			children = (
				EDE6D2602AD80E5500FCDD72 /* LandmarkDetail.swift */,
				ED01AD8F2AD808B600AD38C3 /* LandmarkList.swift */,
				ED01AD8D2AD805A500AD38C3 /* LandmarkRow.swift */,
			);
			path = Landmarks;
			sourceTree = "<group>";
		};
		ED4C73692AD9610300C19F5D /* Helpers */ = {
			isa = PBXGroup;
			children = (
				EDB1A7502ACD850900F72C5B /* CircleImage.swift */,
				ED4C73662AD960A900C19F5D /* FavoriteButton.swift */,
				EDB1A7522ACECEF700F72C5B /* MapView.swift */,
			);
			path = Helpers;
			sourceTree = "<group>";
		};
		EDB1A7152ACC371600F72C5B = {
			isa = PBXGroup;
			children = (
				EDB1A7202ACC371600F72C5B /* Landmarks */,
				EDB1A71F2ACC371600F72C5B /* Products */,
			);
			sourceTree = "<group>";
		};
		EDB1A71F2ACC371600F72C5B /* Products */ = {
			isa = PBXGroup;
			children = (
				EDB1A71E2ACC371600F72C5B /* Landmarks.app */,
				EDB1A7332ACC371700F72C5B /* LandmarksTests.xctest */,
				EDB1A73D2ACC371700F72C5B /* LandmarksUITests.xctest */,
			);
			name = Products;
			sourceTree = "<group>";
		};
		EDB1A7202ACC371600F72C5B /* Landmarks */ = {
			isa = PBXGroup;
			children = (
				EDB1A7252ACC371700F72C5B /* Assets.xcassets */,
				EDB1A72C2ACC371700F72C5B /* Landmarks.xcdatamodeld */,
				EDB1A7212ACC371600F72C5B /* LandmarksApp.swift */,
				ED01AD8B2AD6C88200AD38C3 /* Model */,
				ED01AD8C2AD6C8A800AD38C3 /* Resources */,
				ED01AD8A2AD6C84E00AD38C3 /* Views */,
			);
			path = Landmarks;
			sourceTree = "<group>";
		};
/* End PBXGroup section */

/* Begin PBXNativeTarget section */
		EDB1A71D2ACC371600F72C5B /* Landmarks */ = {
			isa = PBXNativeTarget;
			buildConfigurationList = EDB1A7472ACC371700F72C5B /* Build configuration list for PBXNativeTarget "Landmarks" */;
			buildPhases = (
				EDB1A71A2ACC371600F72C5B /* Sources */,
				EDB1A71B2ACC371600F72C5B /* Frameworks */,
				EDB1A71C2ACC371600F72C5B /* Resources */,
			);
			buildRules = (
			);
			dependencies = (
			);
			name = Landmarks;
			productName = Landmarks;
			productReference = EDB1A71E2ACC371600F72C5B /* Landmarks.app */;
			productType = "com.apple.product-type.application";
		};
		EDB1A7322ACC371700F72C5B /* LandmarksTests */ = {
			isa = PBXNativeTarget;
			buildConfigurationList = EDB1A74A2ACC371700F72C5B /* Build configuration list for PBXNativeTarget "LandmarksTests" */;
			buildPhases = (
				EDB1A72F2ACC371700F72C5B /* Sources */,
				EDB1A7302ACC371700F72C5B /* Frameworks */,
				EDB1A7312ACC371700F72C5B /* Resources */,
			);
			buildRules = (
			);
			dependencies = (
				EDB1A7352ACC371700F72C5B /* PBXTargetDependency */,
			);
			name = LandmarksTests;
			productName = LandmarksTests;
			productReference = EDB1A7332ACC371700F72C5B /* LandmarksTests.xctest */;
			productType = "com.apple.product-type.bundle.unit-test";
		};
		EDB1A73C2ACC371700F72C5B /* LandmarksUITests */ = {
			isa = PBXNativeTarget;
			buildConfigurationList = EDB1A74D2ACC371700F72C5B /* Build configuration list for PBXNativeTarget "LandmarksUITests" */;
			buildPhases = (
				EDB1A7392ACC371700F72C5B /* Sources */,
				EDB1A73A2ACC371700F72C5B /* Frameworks */,
				EDB1A73B2ACC371700F72C5B /* Resources */,
			);
			buildRules = (
			);
			dependencies = (
				EDB1A73F2ACC371700F72C5B /* PBXTargetDependency */,
			);
			name = LandmarksUITests;
			productName = LandmarksUITests;
			productReference = EDB1A73D2ACC371700F72C5B /* LandmarksUITests.xctest */;
			productType = "com.apple.product-type.bundle.ui-testing";
		};
/* End PBXNativeTarget section */

/* Begin PBXProject section */
		EDB1A7162ACC371600F72C5B /* Project object */ = {
			isa = PBXProject;
			attributes = {
				BuildIndependentTargetsInParallel = 1;
				LastSwiftUpdateCheck = 1500;
				LastUpgradeCheck = 1500;
				TargetAttributes = {
					EDB1A71D2ACC371600F72C5B = {
						CreatedOnToolsVersion = 15.0;
					};
					EDB1A7322ACC371700F72C5B = {
						CreatedOnToolsVersion = 15.0;
						TestTargetID = EDB1A71D2ACC371600F72C5B;
					};
					EDB1A73C2ACC371700F72C5B = {
						CreatedOnToolsVersion = 15.0;
						TestTargetID = EDB1A71D2ACC371600F72C5B;
					};
				};
			};
			buildConfigurationList = EDB1A7192ACC371600F72C5B /* Build configuration list for PBXProject "Landmarks" */;
			compatibilityVersion = "Xcode 14.0";
			developmentRegion = en;
			hasScannedForEncodings = 0;
			knownRegions = (
				en,
				Base,
			);
			mainGroup = EDB1A7152ACC371600F72C5B;
			productRefGroup = EDB1A71F2ACC371600F72C5B /* Products */;
			projectDirPath = "";
			projectRoot = "";
			targets = (
				EDB1A71D2ACC371600F72C5B /* Landmarks */,
				EDB1A7322ACC371700F72C5B /* LandmarksTests */,
				EDB1A73C2ACC371700F72C5B /* LandmarksUITests */,
			);
		};
/* End PBXProject section */

/* Begin PBXResourcesBuildPhase section */
		EDB1A71C2ACC371600F72C5B /* Resources */ = {
			isa = PBXResourcesBuildPhase;
			buildActionMask = 2147483647;
			files = (
				EDB1A7262ACC371700F72C5B /* Assets.xcassets in Resources */,
				ED01AD852AD6C2C700AD38C3 /* landmarkData.json in Resources */,
			);
			runOnlyForDeploymentPostprocessing = 0;
		};
		EDB1A7312ACC371700F72C5B /* Resources */ = {
			isa = PBXResourcesBuildPhase;
			buildActionMask = 2147483647;
			files = (
			);
			runOnlyForDeploymentPostprocessing = 0;
		};
		EDB1A73B2ACC371700F72C5B /* Resources */ = {
			isa = PBXResourcesBuildPhase;
			buildActionMask = 2147483647;
			files = (
			);
			runOnlyForDeploymentPostprocessing = 0;
		};
/* End PBXResourcesBuildPhase section */

/* Begin PBXSourcesBuildPhase section */
		EDB1A71A2ACC371600F72C5B /* Sources */ = {
			isa = PBXSourcesBuildPhase;
			buildActionMask = 2147483647;
			files = (
				EDB1A7532ACECEF700F72C5B /* MapView.swift in Sources */,
				ED01AD872AD6C2FB00AD38C3 /* Landmark.swift in Sources */,
				EDB1A7242ACC371600F72C5B /* ContentView.swift in Sources */,
				EDB1A7222ACC371600F72C5B /* LandmarksApp.swift in Sources */,
				ED01AD902AD808B600AD38C3 /* LandmarkList.swift in Sources */,
				ED01AD892AD6C5B300AD38C3 /* ModelData.swift in Sources */,
				EDB1A72E2ACC371700F72C5B /* Landmarks.xcdatamodeld in Sources */,
				ED01AD8E2AD805A500AD38C3 /* LandmarkRow.swift in Sources */,
				EDE6D2612AD80E5500FCDD72 /* LandmarkDetail.swift in Sources */,
				ED4C73672AD960A900C19F5D /* FavoriteButton.swift in Sources */,
				EDB1A7512ACD850900F72C5B /* CircleImage.swift in Sources */,
			);
			runOnlyForDeploymentPostprocessing = 0;
		};
		EDB1A72F2ACC371700F72C5B /* Sources */ = {
			isa = PBXSourcesBuildPhase;
			buildActionMask = 2147483647;
			files = (
			);
			runOnlyForDeploymentPostprocessing = 0;
		};
		EDB1A7392ACC371700F72C5B /* Sources */ = {
			isa = PBXSourcesBuildPhase;
			buildActionMask = 2147483647;
			files = (
			);
			runOnlyForDeploymentPostprocessing = 0;
		};
/* End PBXSourcesBuildPhase section */

/* Begin PBXTargetDependency section */
		EDB1A7352ACC371700F72C5B /* PBXTargetDependency */ = {
			isa = PBXTargetDependency;
			target = EDB1A71D2ACC371600F72C5B /* Landmarks */;
			targetProxy = EDB1A7342ACC371700F72C5B /* PBXContainerItemProxy */;
		};
		EDB1A73F2ACC371700F72C5B /* PBXTargetDependency */ = {
			isa = PBXTargetDependency;
			target = EDB1A71D2ACC371600F72C5B /* Landmarks */;
			targetProxy = EDB1A73E2ACC371700F72C5B /* PBXContainerItemProxy */;
		};
/* End PBXTargetDependency section */

/* Begin XCBuildConfiguration section */
		EDB1A7452ACC371700F72C5B /* Debug */ = {
			isa = XCBuildConfiguration;
			buildSettings = {
				ALWAYS_SEARCH_USER_PATHS = NO;
				ASSETCATALOG_COMPILER_GENERATE_SWIFT_ASSET_SYMBOL_EXTENSIONS = YES;
				CLANG_ANALYZER_NONNULL = YES;
				CLANG_ANALYZER_NUMBER_OBJECT_CONVERSION = YES_AGGRESSIVE;
				CLANG_CXX_LANGUAGE_STANDARD = "gnu++20";
				CLANG_ENABLE_MODULES = YES;
				CLANG_ENABLE_OBJC_ARC = YES;
				CLANG_ENABLE_OBJC_WEAK = YES;
				CLANG_WARN_BLOCK_CAPTURE_AUTORELEASING = YES;
				CLANG_WARN_BOOL_CONVERSION = YES;
				CLANG_WARN_COMMA = YES;
				CLANG_WARN_CONSTANT_CONVERSION = YES;
				CLANG_WARN_DEPRECATED_OBJC_IMPLEMENTATIONS = YES;
				CLANG_WARN_DIRECT_OBJC_ISA_USAGE = YES_ERROR;
				CLANG_WARN_DOCUMENTATION_COMMENTS = YES;
				CLANG_WARN_EMPTY_BODY = YES;
				CLANG_WARN_ENUM_CONVERSION = YES;
				CLANG_WARN_INFINITE_RECURSION = YES;
				CLANG_WARN_INT_CONVERSION = YES;
				CLANG_WARN_NON_LITERAL_NULL_CONVERSION = YES;
				CLANG_WARN_OBJC_IMPLICIT_RETAIN_SELF = YES;
				CLANG_WARN_OBJC_LITERAL_CONVERSION = YES;
				CLANG_WARN_OBJC_ROOT_CLASS = YES_ERROR;
				CLANG_WARN_QUOTED_INCLUDE_IN_FRAMEWORK_HEADER = YES;
				CLANG_WARN_RANGE_LOOP_ANALYSIS = YES;
				CLANG_WARN_STRICT_PROTOTYPES = YES;
				CLANG_WARN_SUSPICIOUS_MOVE = YES;
				CLANG_WARN_UNGUARDED_AVAILABILITY = YES_AGGRESSIVE;
				CLANG_WARN_UNREACHABLE_CODE = YES;
				CLANG_WARN__DUPLICATE_METHOD_MATCH = YES;
				COPY_PHASE_STRIP = NO;
				DEBUG_INFORMATION_FORMAT = dwarf;
				ENABLE_STRICT_OBJC_MSGSEND = YES;
				ENABLE_TESTABILITY = YES;
				ENABLE_USER_SCRIPT_SANDBOXING = YES;
				GCC_C_LANGUAGE_STANDARD = gnu17;
				GCC_DYNAMIC_NO_PIC = NO;
				GCC_NO_COMMON_BLOCKS = YES;
				GCC_OPTIMIZATION_LEVEL = 0;
				GCC_PREPROCESSOR_DEFINITIONS = (
					"DEBUG=1",
					"$(inherited)",
				);
				GCC_WARN_64_TO_32_BIT_CONVERSION = YES;
				GCC_WARN_ABOUT_RETURN_TYPE = YES_ERROR;
				GCC_WARN_UNDECLARED_SELECTOR = YES;
				GCC_WARN_UNINITIALIZED_AUTOS = YES_AGGRESSIVE;
				GCC_WARN_UNUSED_FUNCTION = YES;
				GCC_WARN_UNUSED_VARIABLE = YES;
				IPHONEOS_DEPLOYMENT_TARGET = 17.0;
				LOCALIZATION_PREFERS_STRING_CATALOGS = YES;
				MTL_ENABLE_DEBUG_INFO = INCLUDE_SOURCE;
				MTL_FAST_MATH = YES;
				ONLY_ACTIVE_ARCH = YES;
				SDKROOT = iphoneos;
				SWIFT_ACTIVE_COMPILATION_CONDITIONS = "DEBUG $(inherited)";
				SWIFT_OPTIMIZATION_LEVEL = "-Onone";
			};
			name = Debug;
		};
		EDB1A7462ACC371700F72C5B /* Release */ = {
			isa = XCBuildConfiguration;
			buildSettings = {
				ALWAYS_SEARCH_USER_PATHS = NO;
				ASSETCATALOG_COMPILER_GENERATE_SWIFT_ASSET_SYMBOL_EXTENSIONS = YES;
				CLANG_ANALYZER_NONNULL = YES;
				CLANG_ANALYZER_NUMBER_OBJECT_CONVERSION = YES_AGGRESSIVE;
				CLANG_CXX_LANGUAGE_STANDARD = "gnu++20";
				CLANG_ENABLE_MODULES = YES;
				CLANG_ENABLE_OBJC_ARC = YES;
				CLANG_ENABLE_OBJC_WEAK = YES;
				CLANG_WARN_BLOCK_CAPTURE_AUTORELEASING = YES;
				CLANG_WARN_BOOL_CONVERSION = YES;
				CLANG_WARN_COMMA = YES;
				CLANG_WARN_CONSTANT_CONVERSION = YES;
				CLANG_WARN_DEPRECATED_OBJC_IMPLEMENTATIONS = YES;
				CLANG_WARN_DIRECT_OBJC_ISA_USAGE = YES_ERROR;
				CLANG_WARN_DOCUMENTATION_COMMENTS = YES;
				CLANG_WARN_EMPTY_BODY = YES;
				CLANG_WARN_ENUM_CONVERSION = YES;
				CLANG_WARN_INFINITE_RECURSION = YES;
				CLANG_WARN_INT_CONVERSION = YES;
				CLANG_WARN_NON_LITERAL_NULL_CONVERSION = YES;
				CLANG_WARN_OBJC_IMPLICIT_RETAIN_SELF = YES;
				CLANG_WARN_OBJC_LITERAL_CONVERSION = YES;
				CLANG_WARN_OBJC_ROOT_CLASS = YES_ERROR;
				CLANG_WARN_QUOTED_INCLUDE_IN_FRAMEWORK_HEADER = YES;
				CLANG_WARN_RANGE_LOOP_ANALYSIS = YES;
				CLANG_WARN_STRICT_PROTOTYPES = YES;
				CLANG_WARN_SUSPICIOUS_MOVE = YES;
				CLANG_WARN_UNGUARDED_AVAILABILITY = YES_AGGRESSIVE;
				CLANG_WARN_UNREACHABLE_CODE = YES;
				CLANG_WARN__DUPLICATE_METHOD_MATCH = YES;
				COPY_PHASE_STRIP = NO;
				DEBUG_INFORMATION_FORMAT = "dwarf-with-dsym";
				ENABLE_NS_ASSERTIONS = NO;
				ENABLE_STRICT_OBJC_MSGSEND = YES;
				ENABLE_USER_SCRIPT_SANDBOXING = YES;
				GCC_C_LANGUAGE_STANDARD = gnu17;
				GCC_NO_COMMON_BLOCKS = YES;
				GCC_WARN_64_TO_32_BIT_CONVERSION = YES;
				GCC_WARN_ABOUT_RETURN_TYPE = YES_ERROR;
				GCC_WARN_UNDECLARED_SELECTOR = YES;
				GCC_WARN_UNINITIALIZED_AUTOS = YES_AGGRESSIVE;
				GCC_WARN_UNUSED_FUNCTION = YES;
				GCC_WARN_UNUSED_VARIABLE = YES;
				IPHONEOS_DEPLOYMENT_TARGET = 17.0;
				LOCALIZATION_PREFERS_STRING_CATALOGS = YES;
				MTL_ENABLE_DEBUG_INFO = NO;
				MTL_FAST_MATH = YES;
				SDKROOT = iphoneos;
				SWIFT_COMPILATION_MODE = wholemodule;
				VALIDATE_PRODUCT = YES;
			};
			name = Release;
		};
		EDB1A7482ACC371700F72C5B /* Debug */ = {
			isa = XCBuildConfiguration;
			buildSettings = {
				ASSETCATALOG_COMPILER_APPICON_NAME = AppIcon;
				ASSETCATALOG_COMPILER_GLOBAL_ACCENT_COLOR_NAME = AccentColor;
				CODE_SIGN_STYLE = Automatic;
				CURRENT_PROJECT_VERSION = 1;
				DEVELOPMENT_ASSET_PATHS = "\"Landmarks/Preview Content\"";
				ENABLE_PREVIEWS = YES;
				GENERATE_INFOPLIST_FILE = YES;
				INFOPLIST_KEY_UIApplicationSceneManifest_Generation = YES;
				INFOPLIST_KEY_UIApplicationSupportsIndirectInputEvents = YES;
				INFOPLIST_KEY_UILaunchScreen_Generation = YES;
				INFOPLIST_KEY_UISupportedInterfaceOrientations_iPad = "UIInterfaceOrientationPortrait UIInterfaceOrientationPortraitUpsideDown UIInterfaceOrientationLandscapeLeft UIInterfaceOrientationLandscapeRight";
				INFOPLIST_KEY_UISupportedInterfaceOrientations_iPhone = "UIInterfaceOrientationPortrait UIInterfaceOrientationLandscapeLeft UIInterfaceOrientationLandscapeRight";
				LD_RUNPATH_SEARCH_PATHS = (
					"$(inherited)",
					"@executable_path/Frameworks",
				);
				MARKETING_VERSION = 1.0;
				PRODUCT_BUNDLE_IDENTIFIER = dev.homura10059.Landmarks;
				PRODUCT_NAME = "$(TARGET_NAME)";
				SWIFT_EMIT_LOC_STRINGS = YES;
				SWIFT_VERSION = 5.0;
				TARGETED_DEVICE_FAMILY = "1,2";
			};
			name = Debug;
		};
		EDB1A7492ACC371700F72C5B /* Release */ = {
			isa = XCBuildConfiguration;
			buildSettings = {
				ASSETCATALOG_COMPILER_APPICON_NAME = AppIcon;
				ASSETCATALOG_COMPILER_GLOBAL_ACCENT_COLOR_NAME = AccentColor;
				CODE_SIGN_STYLE = Automatic;
				CURRENT_PROJECT_VERSION = 1;
				DEVELOPMENT_ASSET_PATHS = "\"Landmarks/Preview Content\"";
				ENABLE_PREVIEWS = YES;
				GENERATE_INFOPLIST_FILE = YES;
				INFOPLIST_KEY_UIApplicationSceneManifest_Generation = YES;
				INFOPLIST_KEY_UIApplicationSupportsIndirectInputEvents = YES;
				INFOPLIST_KEY_UILaunchScreen_Generation = YES;
				INFOPLIST_KEY_UISupportedInterfaceOrientations_iPad = "UIInterfaceOrientationPortrait UIInterfaceOrientationPortraitUpsideDown UIInterfaceOrientationLandscapeLeft UIInterfaceOrientationLandscapeRight";
				INFOPLIST_KEY_UISupportedInterfaceOrientations_iPhone = "UIInterfaceOrientationPortrait UIInterfaceOrientationLandscapeLeft UIInterfaceOrientationLandscapeRight";
				LD_RUNPATH_SEARCH_PATHS = (
					"$(inherited)",
					"@executable_path/Frameworks",
				);
				MARKETING_VERSION = 1.0;
				PRODUCT_BUNDLE_IDENTIFIER = dev.homura10059.Landmarks;
				PRODUCT_NAME = "$(TARGET_NAME)";
				SWIFT_EMIT_LOC_STRINGS = YES;
				SWIFT_VERSION = 5.0;
				TARGETED_DEVICE_FAMILY = "1,2";
			};
			name = Release;
		};
		EDB1A74B2ACC371700F72C5B /* Debug */ = {
			isa = XCBuildConfiguration;
			buildSettings = {
				ALWAYS_EMBED_SWIFT_STANDARD_LIBRARIES = YES;
				BUNDLE_LOADER = "$(TEST_HOST)";
				CODE_SIGN_STYLE = Automatic;
				CURRENT_PROJECT_VERSION = 1;
				GENERATE_INFOPLIST_FILE = YES;
				IPHONEOS_DEPLOYMENT_TARGET = 17.0;
				MARKETING_VERSION = 1.0;
				PRODUCT_BUNDLE_IDENTIFIER = dev.homura10059.LandmarksTests;
				PRODUCT_NAME = "$(TARGET_NAME)";
				SWIFT_EMIT_LOC_STRINGS = NO;
				SWIFT_VERSION = 5.0;
				TARGETED_DEVICE_FAMILY = "1,2";
				TEST_HOST = "$(BUILT_PRODUCTS_DIR)/Landmarks.app/$(BUNDLE_EXECUTABLE_FOLDER_PATH)/Landmarks";
			};
			name = Debug;
		};
		EDB1A74C2ACC371700F72C5B /* Release */ = {
			isa = XCBuildConfiguration;
			buildSettings = {
				ALWAYS_EMBED_SWIFT_STANDARD_LIBRARIES = YES;
				BUNDLE_LOADER = "$(TEST_HOST)";
				CODE_SIGN_STYLE = Automatic;
				CURRENT_PROJECT_VERSION = 1;
				GENERATE_INFOPLIST_FILE = YES;
				IPHONEOS_DEPLOYMENT_TARGET = 17.0;
				MARKETING_VERSION = 1.0;
				PRODUCT_BUNDLE_IDENTIFIER = dev.homura10059.LandmarksTests;
				PRODUCT_NAME = "$(TARGET_NAME)";
				SWIFT_EMIT_LOC_STRINGS = NO;
				SWIFT_VERSION = 5.0;
				TARGETED_DEVICE_FAMILY = "1,2";
				TEST_HOST = "$(BUILT_PRODUCTS_DIR)/Landmarks.app/$(BUNDLE_EXECUTABLE_FOLDER_PATH)/Landmarks";
			};
			name = Release;
		};
		EDB1A74E2ACC371700F72C5B /* Debug */ = {
			isa = XCBuildConfiguration;
			buildSettings = {
				ALWAYS_EMBED_SWIFT_STANDARD_LIBRARIES = YES;
				CODE_SIGN_STYLE = Automatic;
				CURRENT_PROJECT_VERSION = 1;
				GENERATE_INFOPLIST_FILE = YES;
				MARKETING_VERSION = 1.0;
				PRODUCT_BUNDLE_IDENTIFIER = dev.homura10059.LandmarksUITests;
				PRODUCT_NAME = "$(TARGET_NAME)";
				SWIFT_EMIT_LOC_STRINGS = NO;
				SWIFT_VERSION = 5.0;
				TARGETED_DEVICE_FAMILY = "1,2";
				TEST_TARGET_NAME = Landmarks;
			};
			name = Debug;
		};
		EDB1A74F2ACC371700F72C5B /* Release */ = {
			isa = XCBuildConfiguration;
			buildSettings = {
				ALWAYS_EMBED_SWIFT_STANDARD_LIBRARIES = YES;
				CODE_SIGN_STYLE = Automatic;
				CURRENT_PROJECT_VERSION = 1;
				GENERATE_INFOPLIST_FILE = YES;
				MARKETING_VERSION = 1.0;
				PRODUCT_BUNDLE_IDENTIFIER = dev.homura10059.LandmarksUITests;
				PRODUCT_NAME = "$(TARGET_NAME)";
				SWIFT_EMIT_LOC_STRINGS = NO;
				SWIFT_VERSION = 5.0;
				TARGETED_DEVICE_FAMILY = "1,2";
				TEST_TARGET_NAME = Landmarks;
			};
			name = Release;
		};
/* End XCBuildConfiguration section */

/* Begin XCConfigurationList section */
		EDB1A7192ACC371600F72C5B /* Build configuration list for PBXProject "Landmarks" */ = {
			isa = XCConfigurationList;
			buildConfigurations = (
				EDB1A7452ACC371700F72C5B /* Debug */,
				EDB1A7462ACC371700F72C5B /* Release */,
			);
			defaultConfigurationIsVisible = 0;
			defaultConfigurationName = Release;
		};
		EDB1A7472ACC371700F72C5B /* Build configuration list for PBXNativeTarget "Landmarks" */ = {
			isa = XCConfigurationList;
			buildConfigurations = (
				EDB1A7482ACC371700F72C5B /* Debug */,
				EDB1A7492ACC371700F72C5B /* Release */,
			);
			defaultConfigurationIsVisible = 0;
			defaultConfigurationName = Release;
		};
		EDB1A74A2ACC371700F72C5B /* Build configuration list for PBXNativeTarget "LandmarksTests" */ = {
			isa = XCConfigurationList;
			buildConfigurations = (
				EDB1A74B2ACC371700F72C5B /* Debug */,
				EDB1A74C2ACC371700F72C5B /* Release */,
			);
			defaultConfigurationIsVisible = 0;
			defaultConfigurationName = Release;
		};
		EDB1A74D2ACC371700F72C5B /* Build configuration list for PBXNativeTarget "LandmarksUITests" */ = {
			isa = XCConfigurationList;
			buildConfigurations = (
				EDB1A74E2ACC371700F72C5B /* Debug */,
				EDB1A74F2ACC371700F72C5B /* Release */,
			);
			defaultConfigurationIsVisible = 0;
			defaultConfigurationName = Release;
		};
/* End XCConfigurationList section */

/* Begin XCVersionGroup section */
		EDB1A72C2ACC371700F72C5B /* Landmarks.xcdatamodeld */ = {
			isa = XCVersionGroup;
			children = (
				EDB1A72D2ACC371700F72C5B /* Landmarks.xcdatamodel */,
			);
			currentVersion = EDB1A72D2ACC371700F72C5B /* Landmarks.xcdatamodel */;
			path = Landmarks.xcdatamodeld;
			sourceTree = "<group>";
			versionGroupType = wrapper.xcdatamodel;
		};
/* End XCVersionGroup section */
	};
	rootObject = EDB1A7162ACC371600F72C5B /* Project object */;
}
